// !$*UTF8*$!
{
	archiveVersion = 1;
	classes = {
	};
	objectVersion = 56;
	objects = {

/* Begin PBXBuildFile section */
		98BC408F2C68C8BB00E0804A /* PrayerTimesWidgetApp.swift in Sources */ = {isa = PBXBuildFile; fileRef = 98BC408E2C68C8BB00E0804A /* PrayerTimesWidgetApp.swift */; };
		98BC40912C68C8BB00E0804A /* ContentView.swift in Sources */ = {isa = PBXBuildFile; fileRef = 98BC40902C68C8BB00E0804A /* ContentView.swift */; };
		98BC40932C68C8BC00E0804A /* Assets.xcassets in Resources */ = {isa = PBXBuildFile; fileRef = 98BC40922C68C8BC00E0804A /* Assets.xcassets */; };
		98BC40972C68C8BC00E0804A /* Preview Assets.xcassets in Resources */ = {isa = PBXBuildFile; fileRef = 98BC40962C68C8BC00E0804A /* Preview Assets.xcassets */; };
		98BC40A12C68C8BD00E0804A /* PrayerTimesWidgetTests.swift in Sources */ = {isa = PBXBuildFile; fileRef = 98BC40A02C68C8BD00E0804A /* PrayerTimesWidgetTests.swift */; };
		98BC40AB2C68C8BD00E0804A /* PrayerTimesWidgetUITests.swift in Sources */ = {isa = PBXBuildFile; fileRef = 98BC40AA2C68C8BD00E0804A /* PrayerTimesWidgetUITests.swift */; };
		98BC40AD2C68C8BD00E0804A /* PrayerTimesWidgetUITestsLaunchTests.swift in Sources */ = {isa = PBXBuildFile; fileRef = 98BC40AC2C68C8BD00E0804A /* PrayerTimesWidgetUITestsLaunchTests.swift */; };
/* End PBXBuildFile section */

/* Begin PBXContainerItemProxy section */
		98BC409D2C68C8BD00E0804A /* PBXContainerItemProxy */ = {
			isa = PBXContainerItemProxy;
			containerPortal = 98BC40832C68C8BB00E0804A /* Project object */;
			proxyType = 1;
			remoteGlobalIDString = 98BC408A2C68C8BB00E0804A;
			remoteInfo = PrayerTimesWidget;
		};
		98BC40A72C68C8BD00E0804A /* PBXContainerItemProxy */ = {
			isa = PBXContainerItemProxy;
			containerPortal = 98BC40832C68C8BB00E0804A /* Project object */;
			proxyType = 1;
			remoteGlobalIDString = 98BC408A2C68C8BB00E0804A;
			remoteInfo = PrayerTimesWidget;
		};
/* End PBXContainerItemProxy section */

/* Begin PBXFileReference section */
		98BC408B2C68C8BB00E0804A /* PrayerTimesWidget.app */ = {isa = PBXFileReference; explicitFileType = wrapper.application; includeInIndex = 0; path = PrayerTimesWidget.app; sourceTree = BUILT_PRODUCTS_DIR; };
		98BC408E2C68C8BB00E0804A /* PrayerTimesWidgetApp.swift */ = {isa = PBXFileReference; lastKnownFileType = sourcecode.swift; path = PrayerTimesWidgetApp.swift; sourceTree = "<group>"; };
		98BC40902C68C8BB00E0804A /* ContentView.swift */ = {isa = PBXFileReference; lastKnownFileType = sourcecode.swift; path = ContentView.swift; sourceTree = "<group>"; };
		98BC40922C68C8BC00E0804A /* Assets.xcassets */ = {isa = PBXFileReference; lastKnownFileType = folder.assetcatalog; path = Assets.xcassets; sourceTree = "<group>"; };
		98BC40942C68C8BC00E0804A /* PrayerTimesWidget.entitlements */ = {isa = PBXFileReference; lastKnownFileType = text.plist.entitlements; path = PrayerTimesWidget.entitlements; sourceTree = "<group>"; };
		98BC40962C68C8BC00E0804A /* Preview Assets.xcassets */ = {isa = PBXFileReference; lastKnownFileType = folder.assetcatalog; path = "Preview Assets.xcassets"; sourceTree = "<group>"; };
		98BC409C2C68C8BD00E0804A /* PrayerTimesWidgetTests.xctest */ = {isa = PBXFileReference; explicitFileType = wrapper.cfbundle; includeInIndex = 0; path = PrayerTimesWidgetTests.xctest; sourceTree = BUILT_PRODUCTS_DIR; };
		98BC40A02C68C8BD00E0804A /* PrayerTimesWidgetTests.swift */ = {isa = PBXFileReference; lastKnownFileType = sourcecode.swift; path = PrayerTimesWidgetTests.swift; sourceTree = "<group>"; };
		98BC40A62C68C8BD00E0804A /* PrayerTimesWidgetUITests.xctest */ = {isa = PBXFileReference; explicitFileType = wrapper.cfbundle; includeInIndex = 0; path = PrayerTimesWidgetUITests.xctest; sourceTree = BUILT_PRODUCTS_DIR; };
		98BC40AA2C68C8BD00E0804A /* PrayerTimesWidgetUITests.swift */ = {isa = PBXFileReference; lastKnownFileType = sourcecode.swift; path = PrayerTimesWidgetUITests.swift; sourceTree = "<group>"; };
		98BC40AC2C68C8BD00E0804A /* PrayerTimesWidgetUITestsLaunchTests.swift */ = {isa = PBXFileReference; lastKnownFileType = sourcecode.swift; path = PrayerTimesWidgetUITestsLaunchTests.swift; sourceTree = "<group>"; };
/* End PBXFileReference section */

/* Begin PBXFrameworksBuildPhase section */
		98BC40882C68C8BB00E0804A /* Frameworks */ = {
			isa = PBXFrameworksBuildPhase;
			buildActionMask = 2147483647;
			files = (
			);
			runOnlyForDeploymentPostprocessing = 0;
		};
		98BC40992C68C8BC00E0804A /* Frameworks */ = {
			isa = PBXFrameworksBuildPhase;
			buildActionMask = 2147483647;
			files = (
			);
			runOnlyForDeploymentPostprocessing = 0;
		};
		98BC40A32C68C8BD00E0804A /* Frameworks */ = {
			isa = PBXFrameworksBuildPhase;
			buildActionMask = 2147483647;
			files = (
			);
			runOnlyForDeploymentPostprocessing = 0;
		};
/* End PBXFrameworksBuildPhase section */

/* Begin PBXGroup section */
		98BC40822C68C8BB00E0804A = {
			isa = PBXGroup;
			children = (
				98BC408D2C68C8BB00E0804A /* PrayerTimesWidget */,
				98BC409F2C68C8BD00E0804A /* PrayerTimesWidgetTests */,
				98BC40A92C68C8BD00E0804A /* PrayerTimesWidgetUITests */,
				98BC408C2C68C8BB00E0804A /* Products */,
			);
			sourceTree = "<group>";
		};
		98BC408C2C68C8BB00E0804A /* Products */ = {
			isa = PBXGroup;
			children = (
				98BC408B2C68C8BB00E0804A /* PrayerTimesWidget.app */,
				98BC409C2C68C8BD00E0804A /* PrayerTimesWidgetTests.xctest */,
				98BC40A62C68C8BD00E0804A /* PrayerTimesWidgetUITests.xctest */,
			);
			name = Products;
			sourceTree = "<group>";
		};
		98BC408D2C68C8BB00E0804A /* PrayerTimesWidget */ = {
			isa = PBXGroup;
			children = (
				98BC408E2C68C8BB00E0804A /* PrayerTimesWidgetApp.swift */,
				98BC40902C68C8BB00E0804A /* ContentView.swift */,
				98BC40922C68C8BC00E0804A /* Assets.xcassets */,
				98BC40942C68C8BC00E0804A /* PrayerTimesWidget.entitlements */,
				98BC40952C68C8BC00E0804A /* Preview Content */,
			);
			path = PrayerTimesWidget;
			sourceTree = "<group>";
		};
		98BC40952C68C8BC00E0804A /* Preview Content */ = {
			isa = PBXGroup;
			children = (
				98BC40962C68C8BC00E0804A /* Preview Assets.xcassets */,
			);
			path = "Preview Content";
			sourceTree = "<group>";
		};
		98BC409F2C68C8BD00E0804A /* PrayerTimesWidgetTests */ = {
			isa = PBXGroup;
			children = (
				98BC40A02C68C8BD00E0804A /* PrayerTimesWidgetTests.swift */,
			);
			path = PrayerTimesWidgetTests;
			sourceTree = "<group>";
		};
		98BC40A92C68C8BD00E0804A /* PrayerTimesWidgetUITests */ = {
			isa = PBXGroup;
			children = (
				98BC40AA2C68C8BD00E0804A /* PrayerTimesWidgetUITests.swift */,
				98BC40AC2C68C8BD00E0804A /* PrayerTimesWidgetUITestsLaunchTests.swift */,
			);
			path = PrayerTimesWidgetUITests;
			sourceTree = "<group>";
		};
/* End PBXGroup section */

/* Begin PBXNativeTarget section */
		98BC408A2C68C8BB00E0804A /* PrayerTimesWidget */ = {
			isa = PBXNativeTarget;
			buildConfigurationList = 98BC40B02C68C8BD00E0804A /* Build configuration list for PBXNativeTarget "PrayerTimesWidget" */;
			buildPhases = (
				98BC40872C68C8BB00E0804A /* Sources */,
				98BC40882C68C8BB00E0804A /* Frameworks */,
				98BC40892C68C8BB00E0804A /* Resources */,
			);
			buildRules = (
			);
			dependencies = (
			);
			name = PrayerTimesWidget;
			productName = PrayerTimesWidget;
			productReference = 98BC408B2C68C8BB00E0804A /* PrayerTimesWidget.app */;
			productType = "com.apple.product-type.application";
		};
		98BC409B2C68C8BC00E0804A /* PrayerTimesWidgetTests */ = {
			isa = PBXNativeTarget;
			buildConfigurationList = 98BC40B32C68C8BD00E0804A /* Build configuration list for PBXNativeTarget "PrayerTimesWidgetTests" */;
			buildPhases = (
				98BC40982C68C8BC00E0804A /* Sources */,
				98BC40992C68C8BC00E0804A /* Frameworks */,
				98BC409A2C68C8BC00E0804A /* Resources */,
			);
			buildRules = (
			);
			dependencies = (
				98BC409E2C68C8BD00E0804A /* PBXTargetDependency */,
			);
			name = PrayerTimesWidgetTests;
			productName = PrayerTimesWidgetTests;
			productReference = 98BC409C2C68C8BD00E0804A /* PrayerTimesWidgetTests.xctest */;
			productType = "com.apple.product-type.bundle.unit-test";
		};
		98BC40A52C68C8BD00E0804A /* PrayerTimesWidgetUITests */ = {
			isa = PBXNativeTarget;
			buildConfigurationList = 98BC40B62C68C8BD00E0804A /* Build configuration list for PBXNativeTarget "PrayerTimesWidgetUITests" */;
			buildPhases = (
				98BC40A22C68C8BD00E0804A /* Sources */,
				98BC40A32C68C8BD00E0804A /* Frameworks */,
				98BC40A42C68C8BD00E0804A /* Resources */,
			);
			buildRules = (
			);
			dependencies = (
				98BC40A82C68C8BD00E0804A /* PBXTargetDependency */,
			);
			name = PrayerTimesWidgetUITests;
			productName = PrayerTimesWidgetUITests;
			productReference = 98BC40A62C68C8BD00E0804A /* PrayerTimesWidgetUITests.xctest */;
			productType = "com.apple.product-type.bundle.ui-testing";
		};
/* End PBXNativeTarget section */

/* Begin PBXProject section */
		98BC40832C68C8BB00E0804A /* Project object */ = {
			isa = PBXProject;
			attributes = {
				BuildIndependentTargetsInParallel = 1;
				LastSwiftUpdateCheck = 1530;
				LastUpgradeCheck = 1530;
				TargetAttributes = {
					98BC408A2C68C8BB00E0804A = {
						CreatedOnToolsVersion = 15.3;
					};
					98BC409B2C68C8BC00E0804A = {
						CreatedOnToolsVersion = 15.3;
						TestTargetID = 98BC408A2C68C8BB00E0804A;
					};
					98BC40A52C68C8BD00E0804A = {
						CreatedOnToolsVersion = 15.3;
						TestTargetID = 98BC408A2C68C8BB00E0804A;
					};
				};
			};
			buildConfigurationList = 98BC40862C68C8BB00E0804A /* Build configuration list for PBXProject "PrayerTimesWidget" */;
			compatibilityVersion = "Xcode 14.0";
			developmentRegion = en;
			hasScannedForEncodings = 0;
			knownRegions = (
				en,
				Base,
			);
			mainGroup = 98BC40822C68C8BB00E0804A;
			productRefGroup = 98BC408C2C68C8BB00E0804A /* Products */;
			projectDirPath = "";
			projectRoot = "";
			targets = (
				98BC408A2C68C8BB00E0804A /* PrayerTimesWidget */,
				98BC409B2C68C8BC00E0804A /* PrayerTimesWidgetTests */,
				98BC40A52C68C8BD00E0804A /* PrayerTimesWidgetUITests */,
			);
		};
/* End PBXProject section */

/* Begin PBXResourcesBuildPhase section */
		98BC40892C68C8BB00E0804A /* Resources */ = {
			isa = PBXResourcesBuildPhase;
			buildActionMask = 2147483647;
			files = (
				98BC40972C68C8BC00E0804A /* Preview Assets.xcassets in Resources */,
				98BC40932C68C8BC00E0804A /* Assets.xcassets in Resources */,
			);
			runOnlyForDeploymentPostprocessing = 0;
		};
		98BC409A2C68C8BC00E0804A /* Resources */ = {
			isa = PBXResourcesBuildPhase;
			buildActionMask = 2147483647;
			files = (
			);
			runOnlyForDeploymentPostprocessing = 0;
		};
		98BC40A42C68C8BD00E0804A /* Resources */ = {
			isa = PBXResourcesBuildPhase;
			buildActionMask = 2147483647;
			files = (
			);
			runOnlyForDeploymentPostprocessing = 0;
		};
/* End PBXResourcesBuildPhase section */

/* Begin PBXSourcesBuildPhase section */
		98BC40872C68C8BB00E0804A /* Sources */ = {
			isa = PBXSourcesBuildPhase;
			buildActionMask = 2147483647;
			files = (
				98BC40912C68C8BB00E0804A /* ContentView.swift in Sources */,
				98BC408F2C68C8BB00E0804A /* PrayerTimesWidgetApp.swift in Sources */,
			);
			runOnlyForDeploymentPostprocessing = 0;
		};
		98BC40982C68C8BC00E0804A /* Sources */ = {
			isa = PBXSourcesBuildPhase;
			buildActionMask = 2147483647;
			files = (
				98BC40A12C68C8BD00E0804A /* PrayerTimesWidgetTests.swift in Sources */,
			);
			runOnlyForDeploymentPostprocessing = 0;
		};
		98BC40A22C68C8BD00E0804A /* Sources */ = {
			isa = PBXSourcesBuildPhase;
			buildActionMask = 2147483647;
			files = (
				98BC40AD2C68C8BD00E0804A /* PrayerTimesWidgetUITestsLaunchTests.swift in Sources */,
				98BC40AB2C68C8BD00E0804A /* PrayerTimesWidgetUITests.swift in Sources */,
			);
			runOnlyForDeploymentPostprocessing = 0;
		};
/* End PBXSourcesBuildPhase section */

/* Begin PBXTargetDependency section */
		98BC409E2C68C8BD00E0804A /* PBXTargetDependency */ = {
			isa = PBXTargetDependency;
			target = 98BC408A2C68C8BB00E0804A /* PrayerTimesWidget */;
			targetProxy = 98BC409D2C68C8BD00E0804A /* PBXContainerItemProxy */;
		};
		98BC40A82C68C8BD00E0804A /* PBXTargetDependency */ = {
			isa = PBXTargetDependency;
			target = 98BC408A2C68C8BB00E0804A /* PrayerTimesWidget */;
			targetProxy = 98BC40A72C68C8BD00E0804A /* PBXContainerItemProxy */;
		};
/* End PBXTargetDependency section */

/* Begin XCBuildConfiguration section */
		98BC40AE2C68C8BD00E0804A /* Debug */ = {
			isa = XCBuildConfiguration;
			buildSettings = {
				ALWAYS_SEARCH_USER_PATHS = NO;
				ASSETCATALOG_COMPILER_GENERATE_SWIFT_ASSET_SYMBOL_EXTENSIONS = YES;
				CLANG_ANALYZER_NONNULL = YES;
				CLANG_ANALYZER_NUMBER_OBJECT_CONVERSION = YES_AGGRESSIVE;
				CLANG_CXX_LANGUAGE_STANDARD = "gnu++20";
				CLANG_ENABLE_MODULES = YES;
				CLANG_ENABLE_OBJC_ARC = YES;
				CLANG_ENABLE_OBJC_WEAK = YES;
				CLANG_WARN_BLOCK_CAPTURE_AUTORELEASING = YES;
				CLANG_WARN_BOOL_CONVERSION = YES;
				CLANG_WARN_COMMA = YES;
				CLANG_WARN_CONSTANT_CONVERSION = YES;
				CLANG_WARN_DEPRECATED_OBJC_IMPLEMENTATIONS = YES;
				CLANG_WARN_DIRECT_OBJC_ISA_USAGE = YES_ERROR;
				CLANG_WARN_DOCUMENTATION_COMMENTS = YES;
				CLANG_WARN_EMPTY_BODY = YES;
				CLANG_WARN_ENUM_CONVERSION = YES;
				CLANG_WARN_INFINITE_RECURSION = YES;
				CLANG_WARN_INT_CONVERSION = YES;
				CLANG_WARN_NON_LITERAL_NULL_CONVERSION = YES;
				CLANG_WARN_OBJC_IMPLICIT_RETAIN_SELF = YES;
				CLANG_WARN_OBJC_LITERAL_CONVERSION = YES;
				CLANG_WARN_OBJC_ROOT_CLASS = YES_ERROR;
				CLANG_WARN_QUOTED_INCLUDE_IN_FRAMEWORK_HEADER = YES;
				CLANG_WARN_RANGE_LOOP_ANALYSIS = YES;
				CLANG_WARN_STRICT_PROTOTYPES = YES;
				CLANG_WARN_SUSPICIOUS_MOVE = YES;
				CLANG_WARN_UNGUARDED_AVAILABILITY = YES_AGGRESSIVE;
				CLANG_WARN_UNREACHABLE_CODE = YES;
				CLANG_WARN__DUPLICATE_METHOD_MATCH = YES;
				COPY_PHASE_STRIP = NO;
				DEBUG_INFORMATION_FORMAT = dwarf;
				ENABLE_STRICT_OBJC_MSGSEND = YES;
				ENABLE_TESTABILITY = YES;
				ENABLE_USER_SCRIPT_SANDBOXING = YES;
				GCC_C_LANGUAGE_STANDARD = gnu17;
				GCC_DYNAMIC_NO_PIC = NO;
				GCC_NO_COMMON_BLOCKS = YES;
				GCC_OPTIMIZATION_LEVEL = 0;
				GCC_PREPROCESSOR_DEFINITIONS = (
					"DEBUG=1",
					"$(inherited)",
				);
				GCC_WARN_64_TO_32_BIT_CONVERSION = YES;
				GCC_WARN_ABOUT_RETURN_TYPE = YES_ERROR;
				GCC_WARN_UNDECLARED_SELECTOR = YES;
				GCC_WARN_UNINITIALIZED_AUTOS = YES_AGGRESSIVE;
				GCC_WARN_UNUSED_FUNCTION = YES;
				GCC_WARN_UNUSED_VARIABLE = YES;
				LOCALIZATION_PREFERS_STRING_CATALOGS = YES;
				MTL_ENABLE_DEBUG_INFO = INCLUDE_SOURCE;
				MTL_FAST_MATH = YES;
				ONLY_ACTIVE_ARCH = YES;
				SWIFT_ACTIVE_COMPILATION_CONDITIONS = "DEBUG $(inherited)";
				SWIFT_OPTIMIZATION_LEVEL = "-Onone";
			};
			name = Debug;
		};
		98BC40AF2C68C8BD00E0804A /* Release */ = {
			isa = XCBuildConfiguration;
			buildSettings = {
				ALWAYS_SEARCH_USER_PATHS = NO;
				ASSETCATALOG_COMPILER_GENERATE_SWIFT_ASSET_SYMBOL_EXTENSIONS = YES;
				CLANG_ANALYZER_NONNULL = YES;
				CLANG_ANALYZER_NUMBER_OBJECT_CONVERSION = YES_AGGRESSIVE;
				CLANG_CXX_LANGUAGE_STANDARD = "gnu++20";
				CLANG_ENABLE_MODULES = YES;
				CLANG_ENABLE_OBJC_ARC = YES;
				CLANG_ENABLE_OBJC_WEAK = YES;
				CLANG_WARN_BLOCK_CAPTURE_AUTORELEASING = YES;
				CLANG_WARN_BOOL_CONVERSION = YES;
				CLANG_WARN_COMMA = YES;
				CLANG_WARN_CONSTANT_CONVERSION = YES;
				CLANG_WARN_DEPRECATED_OBJC_IMPLEMENTATIONS = YES;
				CLANG_WARN_DIRECT_OBJC_ISA_USAGE = YES_ERROR;
				CLANG_WARN_DOCUMENTATION_COMMENTS = YES;
				CLANG_WARN_EMPTY_BODY = YES;
				CLANG_WARN_ENUM_CONVERSION = YES;
				CLANG_WARN_INFINITE_RECURSION = YES;
				CLANG_WARN_INT_CONVERSION = YES;
				CLANG_WARN_NON_LITERAL_NULL_CONVERSION = YES;
				CLANG_WARN_OBJC_IMPLICIT_RETAIN_SELF = YES;
				CLANG_WARN_OBJC_LITERAL_CONVERSION = YES;
				CLANG_WARN_OBJC_ROOT_CLASS = YES_ERROR;
				CLANG_WARN_QUOTED_INCLUDE_IN_FRAMEWORK_HEADER = YES;
				CLANG_WARN_RANGE_LOOP_ANALYSIS = YES;
				CLANG_WARN_STRICT_PROTOTYPES = YES;
				CLANG_WARN_SUSPICIOUS_MOVE = YES;
				CLANG_WARN_UNGUARDED_AVAILABILITY = YES_AGGRESSIVE;
				CLANG_WARN_UNREACHABLE_CODE = YES;
				CLANG_WARN__DUPLICATE_METHOD_MATCH = YES;
				COPY_PHASE_STRIP = NO;
				DEBUG_INFORMATION_FORMAT = "dwarf-with-dsym";
				ENABLE_NS_ASSERTIONS = NO;
				ENABLE_STRICT_OBJC_MSGSEND = YES;
				ENABLE_USER_SCRIPT_SANDBOXING = YES;
				GCC_C_LANGUAGE_STANDARD = gnu17;
				GCC_NO_COMMON_BLOCKS = YES;
				GCC_WARN_64_TO_32_BIT_CONVERSION = YES;
				GCC_WARN_ABOUT_RETURN_TYPE = YES_ERROR;
				GCC_WARN_UNDECLARED_SELECTOR = YES;
				GCC_WARN_UNINITIALIZED_AUTOS = YES_AGGRESSIVE;
				GCC_WARN_UNUSED_FUNCTION = YES;
				GCC_WARN_UNUSED_VARIABLE = YES;
				LOCALIZATION_PREFERS_STRING_CATALOGS = YES;
				MTL_ENABLE_DEBUG_INFO = NO;
				MTL_FAST_MATH = YES;
				SWIFT_COMPILATION_MODE = wholemodule;
			};
			name = Release;
		};
		98BC40B12C68C8BD00E0804A /* Debug */ = {
			isa = XCBuildConfiguration;
			buildSettings = {
				ASSETCATALOG_COMPILER_APPICON_NAME = AppIcon;
				ASSETCATALOG_COMPILER_GLOBAL_ACCENT_COLOR_NAME = AccentColor;
				CODE_SIGN_ENTITLEMENTS = PrayerTimesWidget/PrayerTimesWidget.entitlements;
				CODE_SIGN_STYLE = Automatic;
				CURRENT_PROJECT_VERSION = 1;
				DEVELOPMENT_ASSET_PATHS = "\"PrayerTimesWidget/Preview Content\"";
				ENABLE_PREVIEWS = YES;
				GENERATE_INFOPLIST_FILE = YES;
				"INFOPLIST_KEY_UIApplicationSceneManifest_Generation[sdk=iphoneos*]" = YES;
				"INFOPLIST_KEY_UIApplicationSceneManifest_Generation[sdk=iphonesimulator*]" = YES;
				"INFOPLIST_KEY_UIApplicationSupportsIndirectInputEvents[sdk=iphoneos*]" = YES;
				"INFOPLIST_KEY_UIApplicationSupportsIndirectInputEvents[sdk=iphonesimulator*]" = YES;
				"INFOPLIST_KEY_UILaunchScreen_Generation[sdk=iphoneos*]" = YES;
				"INFOPLIST_KEY_UILaunchScreen_Generation[sdk=iphonesimulator*]" = YES;
				"INFOPLIST_KEY_UIStatusBarStyle[sdk=iphoneos*]" = UIStatusBarStyleDefault;
				"INFOPLIST_KEY_UIStatusBarStyle[sdk=iphonesimulator*]" = UIStatusBarStyleDefault;
				INFOPLIST_KEY_UISupportedInterfaceOrientations_iPad = "UIInterfaceOrientationPortrait UIInterfaceOrientationPortraitUpsideDown UIInterfaceOrientationLandscapeLeft UIInterfaceOrientationLandscapeRight";
				INFOPLIST_KEY_UISupportedInterfaceOrientations_iPhone = "UIInterfaceOrientationPortrait UIInterfaceOrientationLandscapeLeft UIInterfaceOrientationLandscapeRight";
				IPHONEOS_DEPLOYMENT_TARGET = 17.4;
				LD_RUNPATH_SEARCH_PATHS = "@executable_path/Frameworks";
				"LD_RUNPATH_SEARCH_PATHS[sdk=macosx*]" = "@executable_path/../Frameworks";
				MACOSX_DEPLOYMENT_TARGET = 14.2;
				MARKETING_VERSION = 1.0;
				PRODUCT_BUNDLE_IDENTIFIER = tahmid.PrayerTimesWidget;
				PRODUCT_NAME = "$(TARGET_NAME)";
				SDKROOT = auto;
				SUPPORTED_PLATFORMS = "iphoneos iphonesimulator macosx";
				SWIFT_EMIT_LOC_STRINGS = YES;
				SWIFT_VERSION = 5.0;
				TARGETED_DEVICE_FAMILY = "1,2";
			};
			name = Debug;
		};
		98BC40B22C68C8BD00E0804A /* Release */ = {
			isa = XCBuildConfiguration;
			buildSettings = {
				ASSETCATALOG_COMPILER_APPICON_NAME = AppIcon;
				ASSETCATALOG_COMPILER_GLOBAL_ACCENT_COLOR_NAME = AccentColor;
				CODE_SIGN_ENTITLEMENTS = PrayerTimesWidget/PrayerTimesWidget.entitlements;
				CODE_SIGN_STYLE = Automatic;
				CURRENT_PROJECT_VERSION = 1;
				DEVELOPMENT_ASSET_PATHS = "\"PrayerTimesWidget/Preview Content\"";
				ENABLE_PREVIEWS = YES;
				GENERATE_INFOPLIST_FILE = YES;
				"INFOPLIST_KEY_UIApplicationSceneManifest_Generation[sdk=iphoneos*]" = YES;
				"INFOPLIST_KEY_UIApplicationSceneManifest_Generation[sdk=iphonesimulator*]" = YES;
				"INFOPLIST_KEY_UIApplicationSupportsIndirectInputEvents[sdk=iphoneos*]" = YES;
				"INFOPLIST_KEY_UIApplicationSupportsIndirectInputEvents[sdk=iphonesimulator*]" = YES;
				"INFOPLIST_KEY_UILaunchScreen_Generation[sdk=iphoneos*]" = YES;
				"INFOPLIST_KEY_UILaunchScreen_Generation[sdk=iphonesimulator*]" = YES;
				"INFOPLIST_KEY_UIStatusBarStyle[sdk=iphoneos*]" = UIStatusBarStyleDefault;
				"INFOPLIST_KEY_UIStatusBarStyle[sdk=iphonesimulator*]" = UIStatusBarStyleDefault;
				INFOPLIST_KEY_UISupportedInterfaceOrientations_iPad = "UIInterfaceOrientationPortrait UIInterfaceOrientationPortraitUpsideDown UIInterfaceOrientationLandscapeLeft UIInterfaceOrientationLandscapeRight";
				INFOPLIST_KEY_UISupportedInterfaceOrientations_iPhone = "UIInterfaceOrientationPortrait UIInterfaceOrientationLandscapeLeft UIInterfaceOrientationLandscapeRight";
				IPHONEOS_DEPLOYMENT_TARGET = 17.4;
				LD_RUNPATH_SEARCH_PATHS = "@executable_path/Frameworks";
				"LD_RUNPATH_SEARCH_PATHS[sdk=macosx*]" = "@executable_path/../Frameworks";
				MACOSX_DEPLOYMENT_TARGET = 14.2;
				MARKETING_VERSION = 1.0;
				PRODUCT_BUNDLE_IDENTIFIER = tahmid.PrayerTimesWidget;
				PRODUCT_NAME = "$(TARGET_NAME)";
				SDKROOT = auto;
				SUPPORTED_PLATFORMS = "iphoneos iphonesimulator macosx";
				SWIFT_EMIT_LOC_STRINGS = YES;
				SWIFT_VERSION = 5.0;
				TARGETED_DEVICE_FAMILY = "1,2";
			};
			name = Release;
		};
		98BC40B42C68C8BD00E0804A /* Debug */ = {
			isa = XCBuildConfiguration;
			buildSettings = {
				ALWAYS_EMBED_SWIFT_STANDARD_LIBRARIES = YES;
				BUNDLE_LOADER = "$(TEST_HOST)";
				CODE_SIGN_STYLE = Automatic;
				CURRENT_PROJECT_VERSION = 1;
				GENERATE_INFOPLIST_FILE = YES;
				IPHONEOS_DEPLOYMENT_TARGET = 17.4;
				MACOSX_DEPLOYMENT_TARGET = 14.2;
				MARKETING_VERSION = 1.0;
				PRODUCT_BUNDLE_IDENTIFIER = tahmid.PrayerTimesWidgetTests;
				PRODUCT_NAME = "$(TARGET_NAME)";
				SDKROOT = auto;
				SUPPORTED_PLATFORMS = "iphoneos iphonesimulator macosx";
				SWIFT_EMIT_LOC_STRINGS = NO;
				SWIFT_VERSION = 5.0;
				TARGETED_DEVICE_FAMILY = "1,2";
				TEST_HOST = "$(BUILT_PRODUCTS_DIR)/PrayerTimesWidget.app/$(BUNDLE_EXECUTABLE_FOLDER_PATH)/PrayerTimesWidget";
			};
			name = Debug;
		};
		98BC40B52C68C8BD00E0804A /* Release */ = {
			isa = XCBuildConfiguration;
			buildSettings = {
				ALWAYS_EMBED_SWIFT_STANDARD_LIBRARIES = YES;
				BUNDLE_LOADER = "$(TEST_HOST)";
				CODE_SIGN_STYLE = Automatic;
				CURRENT_PROJECT_VERSION = 1;
				GENERATE_INFOPLIST_FILE = YES;
				IPHONEOS_DEPLOYMENT_TARGET = 17.4;
				MACOSX_DEPLOYMENT_TARGET = 14.2;
				MARKETING_VERSION = 1.0;
				PRODUCT_BUNDLE_IDENTIFIER = tahmid.PrayerTimesWidgetTests;
				PRODUCT_NAME = "$(TARGET_NAME)";
				SDKROOT = auto;
				SUPPORTED_PLATFORMS = "iphoneos iphonesimulator macosx";
				SWIFT_EMIT_LOC_STRINGS = NO;
				SWIFT_VERSION = 5.0;
				TARGETED_DEVICE_FAMILY = "1,2";
				TEST_HOST = "$(BUILT_PRODUCTS_DIR)/PrayerTimesWidget.app/$(BUNDLE_EXECUTABLE_FOLDER_PATH)/PrayerTimesWidget";
			};
			name = Release;
		};
		98BC40B72C68C8BD00E0804A /* Debug */ = {
			isa = XCBuildConfiguration;
			buildSettings = {
				ALWAYS_EMBED_SWIFT_STANDARD_LIBRARIES = YES;
				CODE_SIGN_STYLE = Automatic;
				CURRENT_PROJECT_VERSION = 1;
				GENERATE_INFOPLIST_FILE = YES;
				IPHONEOS_DEPLOYMENT_TARGET = 17.4;
				MACOSX_DEPLOYMENT_TARGET = 14.2;
				MARKETING_VERSION = 1.0;
				PRODUCT_BUNDLE_IDENTIFIER = tahmid.PrayerTimesWidgetUITests;
				PRODUCT_NAME = "$(TARGET_NAME)";
				SDKROOT = auto;
				SUPPORTED_PLATFORMS = "iphoneos iphonesimulator macosx";
				SWIFT_EMIT_LOC_STRINGS = NO;
				SWIFT_VERSION = 5.0;
				TARGETED_DEVICE_FAMILY = "1,2";
				TEST_TARGET_NAME = PrayerTimesWidget;
			};
			name = Debug;
		};
		98BC40B82C68C8BD00E0804A /* Release */ = {
			isa = XCBuildConfiguration;
			buildSettings = {
				ALWAYS_EMBED_SWIFT_STANDARD_LIBRARIES = YES;
				CODE_SIGN_STYLE = Automatic;
				CURRENT_PROJECT_VERSION = 1;
				GENERATE_INFOPLIST_FILE = YES;
				IPHONEOS_DEPLOYMENT_TARGET = 17.4;
				MACOSX_DEPLOYMENT_TARGET = 14.2;
				MARKETING_VERSION = 1.0;
				PRODUCT_BUNDLE_IDENTIFIER = tahmid.PrayerTimesWidgetUITests;
				PRODUCT_NAME = "$(TARGET_NAME)";
				SDKROOT = auto;
				SUPPORTED_PLATFORMS = "iphoneos iphonesimulator macosx";
				SWIFT_EMIT_LOC_STRINGS = NO;
				SWIFT_VERSION = 5.0;
				TARGETED_DEVICE_FAMILY = "1,2";
				TEST_TARGET_NAME = PrayerTimesWidget;
			};
			name = Release;
		};
/* End XCBuildConfiguration section */

/* Begin XCConfigurationList section */
		98BC40862C68C8BB00E0804A /* Build configuration list for PBXProject "PrayerTimesWidget" */ = {
			isa = XCConfigurationList;
			buildConfigurations = (
				98BC40AE2C68C8BD00E0804A /* Debug */,
				98BC40AF2C68C8BD00E0804A /* Release */,
			);
			defaultConfigurationIsVisible = 0;
			defaultConfigurationName = Release;
		};
		98BC40B02C68C8BD00E0804A /* Build configuration list for PBXNativeTarget "PrayerTimesWidget" */ = {
			isa = XCConfigurationList;
			buildConfigurations = (
				98BC40B12C68C8BD00E0804A /* Debug */,
				98BC40B22C68C8BD00E0804A /* Release */,
			);
			defaultConfigurationIsVisible = 0;
			defaultConfigurationName = Release;
		};
		98BC40B32C68C8BD00E0804A /* Build configuration list for PBXNativeTarget "PrayerTimesWidgetTests" */ = {
			isa = XCConfigurationList;
			buildConfigurations = (
				98BC40B42C68C8BD00E0804A /* Debug */,
				98BC40B52C68C8BD00E0804A /* Release */,
			);
			defaultConfigurationIsVisible = 0;
			defaultConfigurationName = Release;
		};
		98BC40B62C68C8BD00E0804A /* Build configuration list for PBXNativeTarget "PrayerTimesWidgetUITests" */ = {
			isa = XCConfigurationList;
			buildConfigurations = (
				98BC40B72C68C8BD00E0804A /* Debug */,
				98BC40B82C68C8BD00E0804A /* Release */,
			);
			defaultConfigurationIsVisible = 0;
			defaultConfigurationName = Release;
		};
/* End XCConfigurationList section */
	};
	rootObject = 98BC40832C68C8BB00E0804A /* Project object */;
}
